
Microsoft Visual Studio Solution File, Format Version 12.00
# Visual Studio Version 16
VisualStudioVersion = 16.0.29318.209
MinimumVisualStudioVersion = 10.0.40219.1
Project("{FAE04EC0-301F-11D3-BF4B-00C04F79EFBC}") = "Przyklady_pojedyncze", "Przyklady_pojedyncze.csproj", "{31726CD3-FCA4-4FA0-80DC-C7234100FD4B}"
EndProject
Global
	GlobalSection(SolutionConfigurationPlatforms) = preSolution
		Debug|Any CPU = Debug|Any CPU
		Release|Any CPU = Release|Any CPU
	EndGlobalSection
	GlobalSection(ProjectConfigurationPlatforms) = postSolution
		{31726CD3-FCA4-4FA0-80DC-C7234100FD4B}.Debug|Any CPU.ActiveCfg = Debug|Any CPU
		{31726CD3-FCA4-4FA0-80DC-C7234100FD4B}.Debug|Any CPU.Build.0 = Debug|Any CPU
		{31726CD3-FCA4-4FA0-80DC-C7234100FD4B}.Release|Any CPU.ActiveCfg = Release|Any CPU
		{31726CD3-FCA4-4FA0-80DC-C7234100FD4B}.Release|Any CPU.Build.0 = Release|Any CPU
	EndGlobalSection
	GlobalSection(SolutionProperties) = preSolution
		HideSolutionNode = FALSE
	EndGlobalSection
	GlobalSection(ExtensibilityGlobals) = postSolution
		SolutionGuid = {29AAEF50-7384-4F86-A63E-A3738BA55D0D}
	EndGlobalSection
EndGlobal
